{
  "version": 1,
  "dependencies": {
    ".NETStandard,Version=v2.1": {
      "Microsoft.SourceLink.GitHub": {
        "type": "Direct",
        "requested": "[1.1.0-beta-20204-02, )",
        "resolved": "1.1.0-beta-20204-02",
        "contentHash": "nVB0LiCn+q0eprqpQ9BeZ6xMdIobiRTwZlrvyAYDv4Zprek5BUHJ8usXUEtJlCTqQYF5HvLgvwf361jCkhmXCg==",
        "dependencies": {
          "Microsoft.Build.Tasks.Git": "1.1.0-beta-20204-02",
          "Microsoft.SourceLink.Common": "1.1.0-beta-20204-02"
        }
      },
      "Microsoft.Build.Tasks.Git": {
        "type": "Transitive",
        "resolved": "1.1.0-beta-20204-02",
        "contentHash": "T7mMbmgoT3XXKrXbLeEj6D9fQLZDmF/T8W5NQsrlcfQ24nOLrkr1Cst9cmI44zIH16rIo+4ws0tEqUN+Jw5Iag=="
      },
      "Microsoft.SourceLink.Common": {
        "type": "Transitive",
        "resolved": "1.1.0-beta-20204-02",
        "contentHash": "3tLuYVu7iPSUGVgSygxZnN4q6ZdXFbKd2A/1Zgva5i6VMoVXoTJwggKVZTGyemlWriziOwY76I5MZI+vnJ8ztA=="
      }
    }
  }
}